// !$*UTF8*$!
{
	archiveVersion = 1;
	classes = {
	};
	objectVersion = 46;
	objects = {

/* Begin PBXBuildFile section */
		4A0ED6E0D98EC79A82496836 /* Pods_CharacterCoach.framework in Frameworks */ = {isa = PBXBuildFile; fileRef = BBEE9BD7DBD3D60DF6686A22 /* Pods_CharacterCoach.framework */; };
		D95F36881DCE56F30078194A /* AppDelegate.swift in Sources */ = {isa = PBXBuildFile; fileRef = D95F36871DCE56F30078194A /* AppDelegate.swift */; };
		D95F368D1DCE57020078194A /* Assets.xcassets in Resources */ = {isa = PBXBuildFile; fileRef = D95F36891DCE57020078194A /* Assets.xcassets */; };
		D95F368F1DCE57020078194A /* Info.plist in Resources */ = {isa = PBXBuildFile; fileRef = D95F368B1DCE57020078194A /* Info.plist */; };
		D95F36901DCE57020078194A /* ViewController.swift in Sources */ = {isa = PBXBuildFile; fileRef = D95F368C1DCE57020078194A /* ViewController.swift */; };
		D95F36951DCE57230078194A /* LaunchScreen.storyboard in Resources */ = {isa = PBXBuildFile; fileRef = D95F36911DCE57230078194A /* LaunchScreen.storyboard */; };
		D95F36961DCE57230078194A /* Main.storyboard in Resources */ = {isa = PBXBuildFile; fileRef = D95F36931DCE57230078194A /* Main.storyboard */; };
		D95F369C1DCE7D080078194A /* GlobalNavigationBar.swift in Sources */ = {isa = PBXBuildFile; fileRef = D95F369B1DCE7D080078194A /* GlobalNavigationBar.swift */; };
/* End PBXBuildFile section */

/* Begin PBXFileReference section */
		5B36E95F315891C435326F52 /* Pods-CharacterCoach.release.xcconfig */ = {isa = PBXFileReference; includeInIndex = 1; lastKnownFileType = text.xcconfig; name = "Pods-CharacterCoach.release.xcconfig"; path = "Pods/Target Support Files/Pods-CharacterCoach/Pods-CharacterCoach.release.xcconfig"; sourceTree = "<group>"; };
		8C7C83868DE072B939D1849F /* Pods-CharacterCoach.debug.xcconfig */ = {isa = PBXFileReference; includeInIndex = 1; lastKnownFileType = text.xcconfig; name = "Pods-CharacterCoach.debug.xcconfig"; path = "Pods/Target Support Files/Pods-CharacterCoach/Pods-CharacterCoach.debug.xcconfig"; sourceTree = "<group>"; };
		BBEE9BD7DBD3D60DF6686A22 /* Pods_CharacterCoach.framework */ = {isa = PBXFileReference; explicitFileType = wrapper.framework; includeInIndex = 0; path = Pods_CharacterCoach.framework; sourceTree = BUILT_PRODUCTS_DIR; };
		D95F366F1DCE26A00078194A /* CharacterCoach.app */ = {isa = PBXFileReference; explicitFileType = wrapper.application; includeInIndex = 0; path = CharacterCoach.app; sourceTree = BUILT_PRODUCTS_DIR; };
		D95F36871DCE56F30078194A /* AppDelegate.swift */ = {isa = PBXFileReference; fileEncoding = 4; lastKnownFileType = sourcecode.swift; name = AppDelegate.swift; path = CharacterCoach/AppDelegate.swift; sourceTree = SOURCE_ROOT; };
		D95F36891DCE57020078194A /* Assets.xcassets */ = {isa = PBXFileReference; lastKnownFileType = folder.assetcatalog; name = Assets.xcassets; path = CharacterCoach/Assets.xcassets; sourceTree = SOURCE_ROOT; };
		D95F368B1DCE57020078194A /* Info.plist */ = {isa = PBXFileReference; fileEncoding = 4; lastKnownFileType = text.plist.xml; name = Info.plist; path = CharacterCoach/Info.plist; sourceTree = SOURCE_ROOT; };
		D95F368C1DCE57020078194A /* ViewController.swift */ = {isa = PBXFileReference; fileEncoding = 4; lastKnownFileType = sourcecode.swift; name = ViewController.swift; path = CharacterCoach/ViewController.swift; sourceTree = SOURCE_ROOT; };
		D95F36921DCE57230078194A /* Base */ = {isa = PBXFileReference; lastKnownFileType = file.storyboard; name = Base; path = CharacterCoach/Base.lproj/LaunchScreen.storyboard; sourceTree = SOURCE_ROOT; };
		D95F36941DCE57230078194A /* Base */ = {isa = PBXFileReference; lastKnownFileType = file.storyboard; name = Base; path = CharacterCoach/Base.lproj/Main.storyboard; sourceTree = SOURCE_ROOT; };
		D95F369B1DCE7D080078194A /* GlobalNavigationBar.swift */ = {isa = PBXFileReference; fileEncoding = 4; lastKnownFileType = sourcecode.swift; name = GlobalNavigationBar.swift; path = CharacterCoach/GlobalNavigationBar.swift; sourceTree = SOURCE_ROOT; };
/* End PBXFileReference section */

/* Begin PBXFrameworksBuildPhase section */
		D95F366C1DCE26A00078194A /* Frameworks */ = {
			isa = PBXFrameworksBuildPhase;
			buildActionMask = 2147483647;
			files = (
				4A0ED6E0D98EC79A82496836 /* Pods_CharacterCoach.framework in Frameworks */,
			);
			runOnlyForDeploymentPostprocessing = 0;
		};
/* End PBXFrameworksBuildPhase section */

/* Begin PBXGroup section */
		44580A480E379FDBB3E39656 /* Frameworks */ = {
			isa = PBXGroup;
			children = (
				BBEE9BD7DBD3D60DF6686A22 /* Pods_CharacterCoach.framework */,
			);
			name = Frameworks;
			sourceTree = "<group>";
		};
		A199FE3B0202411641F373D3 /* Pods */ = {
			isa = PBXGroup;
			children = (
				8C7C83868DE072B939D1849F /* Pods-CharacterCoach.debug.xcconfig */,
				5B36E95F315891C435326F52 /* Pods-CharacterCoach.release.xcconfig */,
			);
			name = Pods;
			sourceTree = "<group>";
		};
		D95F36661DCE26A00078194A = {
			isa = PBXGroup;
			children = (
				D95F36711DCE26A00078194A /* CharacterCoach */,
				D95F36701DCE26A00078194A /* Products */,
				A199FE3B0202411641F373D3 /* Pods */,
				44580A480E379FDBB3E39656 /* Frameworks */,
			);
			sourceTree = "<group>";
		};
		D95F36701DCE26A00078194A /* Products */ = {
			isa = PBXGroup;
			children = (
				D95F366F1DCE26A00078194A /* CharacterCoach.app */,
			);
			name = Products;
			sourceTree = "<group>";
		};
		D95F36711DCE26A00078194A /* CharacterCoach */ = {
			isa = PBXGroup;
			children = (
				D95F36871DCE56F30078194A /* AppDelegate.swift */,
				D95F36891DCE57020078194A /* Assets.xcassets */,
				D95F368B1DCE57020078194A /* Info.plist */,
				D95F369B1DCE7D080078194A /* GlobalNavigationBar.swift */,
				D95F368C1DCE57020078194A /* ViewController.swift */,
				D95F36911DCE57230078194A /* LaunchScreen.storyboard */,
				D95F36931DCE57230078194A /* Main.storyboard */,
			);
			name = CharacterCoach;
			path = SingleWebView;
			sourceTree = "<group>";
		};
/* End PBXGroup section */

/* Begin PBXNativeTarget section */
		D95F366E1DCE26A00078194A /* CharacterCoach */ = {
			isa = PBXNativeTarget;
			buildConfigurationList = D95F36811DCE26A00078194A /* Build configuration list for PBXNativeTarget "CharacterCoach" */;
			buildPhases = (
				B916DCFB03D96AF759A2B0E2 /* [CP] Check Pods Manifest.lock */,
				D95F366B1DCE26A00078194A /* Sources */,
				D95F366C1DCE26A00078194A /* Frameworks */,
				D95F366D1DCE26A00078194A /* Resources */,
				68A4F2A64908FE58F8771C82 /* [CP] Embed Pods Frameworks */,
				35498B6AB2FC7DB3D0D80947 /* [CP] Copy Pods Resources */,
				D95F36841DCE55B30078194A /* Increment Build Number */,
			);
			buildRules = (
			);
			dependencies = (
			);
			name = CharacterCoach;
			productName = SingleWebView;
			productReference = D95F366F1DCE26A00078194A /* CharacterCoach.app */;
			productType = "com.apple.product-type.application";
		};
/* End PBXNativeTarget section */

/* Begin PBXProject section */
		D95F36671DCE26A00078194A /* Project object */ = {
			isa = PBXProject;
			attributes = {
				LastSwiftUpdateCheck = 0810;
				LastUpgradeCheck = 0810;
				ORGANIZATIONNAME = "Matt Blessed";
				TargetAttributes = {
					D95F366E1DCE26A00078194A = {
						CreatedOnToolsVersion = 8.1;
						DevelopmentTeam = L88FMNUJ5E;
						ProvisioningStyle = Automatic;
					};
				};
			};
			buildConfigurationList = D95F366A1DCE26A00078194A /* Build configuration list for PBXProject "CharacterCoach" */;
			compatibilityVersion = "Xcode 3.2";
			developmentRegion = English;
			hasScannedForEncodings = 0;
			knownRegions = (
				en,
				Base,
			);
			mainGroup = D95F36661DCE26A00078194A;
			productRefGroup = D95F36701DCE26A00078194A /* Products */;
			projectDirPath = "";
			projectRoot = "";
			targets = (
				D95F366E1DCE26A00078194A /* CharacterCoach */,
			);
		};
/* End PBXProject section */

/* Begin PBXResourcesBuildPhase section */
		D95F366D1DCE26A00078194A /* Resources */ = {
			isa = PBXResourcesBuildPhase;
			buildActionMask = 2147483647;
			files = (
				D95F36951DCE57230078194A /* LaunchScreen.storyboard in Resources */,
				D95F368D1DCE57020078194A /* Assets.xcassets in Resources */,
				D95F368F1DCE57020078194A /* Info.plist in Resources */,
				D95F36961DCE57230078194A /* Main.storyboard in Resources */,
			);
			runOnlyForDeploymentPostprocessing = 0;
		};
/* End PBXResourcesBuildPhase section */

/* Begin PBXShellScriptBuildPhase section */
		35498B6AB2FC7DB3D0D80947 /* [CP] Copy Pods Resources */ = {
			isa = PBXShellScriptBuildPhase;
			buildActionMask = 2147483647;
			files = (
			);
			inputPaths = (
			);
			name = "[CP] Copy Pods Resources";
			outputPaths = (
			);
			runOnlyForDeploymentPostprocessing = 0;
			shellPath = /bin/sh;
			shellScript = "\"${SRCROOT}/Pods/Target Support Files/Pods-CharacterCoach/Pods-CharacterCoach-resources.sh\"\n";
			showEnvVarsInLog = 0;
		};
		68A4F2A64908FE58F8771C82 /* [CP] Embed Pods Frameworks */ = {
			isa = PBXShellScriptBuildPhase;
			buildActionMask = 2147483647;
			files = (
			);
			inputPaths = (
			);
			name = "[CP] Embed Pods Frameworks";
			outputPaths = (
			);
			runOnlyForDeploymentPostprocessing = 0;
			shellPath = /bin/sh;
			shellScript = "\"${SRCROOT}/Pods/Target Support Files/Pods-CharacterCoach/Pods-CharacterCoach-frameworks.sh\"\n";
			showEnvVarsInLog = 0;
		};
		B916DCFB03D96AF759A2B0E2 /* [CP] Check Pods Manifest.lock */ = {
			isa = PBXShellScriptBuildPhase;
			buildActionMask = 2147483647;
			files = (
			);
			inputPaths = (
			);
			name = "[CP] Check Pods Manifest.lock";
			outputPaths = (
			);
			runOnlyForDeploymentPostprocessing = 0;
			shellPath = /bin/sh;
			shellScript = "diff \"${PODS_ROOT}/../Podfile.lock\" \"${PODS_ROOT}/Manifest.lock\" > /dev/null\nif [ $? != 0 ] ; then\n    # print error to STDERR\n    echo \"error: The sandbox is not in sync with the Podfile.lock. Run 'pod install' or update your CocoaPods installation.\" >&2\n    exit 1\nfi\n";
			showEnvVarsInLog = 0;
		};
		D95F36841DCE55B30078194A /* Increment Build Number */ = {
			isa = PBXShellScriptBuildPhase;
			buildActionMask = 2147483647;
			files = (
			);
			inputPaths = (
			);
			name = "Increment Build Number";
			outputPaths = (
			);
			runOnlyForDeploymentPostprocessing = 0;
			shellPath = /bin/sh;
			shellScript = "buildNumber=$(/usr/libexec/PlistBuddy -c \"Print CFBundleVersion\" \"${PROJECT_DIR}/${INFOPLIST_FILE}\")\nbuildNumber=$(($buildNumber + 1))\n/usr/libexec/PlistBuddy -c \"Set :CFBundleVersion $buildNumber\" \"${PROJECT_DIR}/${INFOPLIST_FILE}\"";
		};
/* End PBXShellScriptBuildPhase section */

/* Begin PBXSourcesBuildPhase section */
		D95F366B1DCE26A00078194A /* Sources */ = {
			isa = PBXSourcesBuildPhase;
			buildActionMask = 2147483647;
			files = (
				D95F369C1DCE7D080078194A /* GlobalNavigationBar.swift in Sources */,
				D95F36901DCE57020078194A /* ViewController.swift in Sources */,
				D95F36881DCE56F30078194A /* AppDelegate.swift in Sources */,
			);
			runOnlyForDeploymentPostprocessing = 0;
		};
/* End PBXSourcesBuildPhase section */

/* Begin PBXVariantGroup section */
		D95F36911DCE57230078194A /* LaunchScreen.storyboard */ = {
			isa = PBXVariantGroup;
			children = (
				D95F36921DCE57230078194A /* Base */,
			);
			name = LaunchScreen.storyboard;
			sourceTree = "<group>";
		};
		D95F36931DCE57230078194A /* Main.storyboard */ = {
			isa = PBXVariantGroup;
			children = (
				D95F36941DCE57230078194A /* Base */,
			);
			name = Main.storyboard;
			sourceTree = "<group>";
		};
/* End PBXVariantGroup section */

/* Begin XCBuildConfiguration section */
		D95F367F1DCE26A00078194A /* Debug */ = {
			isa = XCBuildConfiguration;
			buildSettings = {
				ALWAYS_SEARCH_USER_PATHS = NO;
				CLANG_ANALYZER_NONNULL = YES;
				CLANG_CXX_LANGUAGE_STANDARD = "gnu++0x";
				CLANG_CXX_LIBRARY = "libc++";
				CLANG_ENABLE_MODULES = YES;
				CLANG_ENABLE_OBJC_ARC = YES;
				CLANG_WARN_BOOL_CONVERSION = YES;
				CLANG_WARN_CONSTANT_CONVERSION = YES;
				CLANG_WARN_DIRECT_OBJC_ISA_USAGE = YES_ERROR;
				CLANG_WARN_DOCUMENTATION_COMMENTS = YES;
				CLANG_WARN_EMPTY_BODY = YES;
				CLANG_WARN_ENUM_CONVERSION = YES;
				CLANG_WARN_INFINITE_RECURSION = YES;
				CLANG_WARN_INT_CONVERSION = YES;
				CLANG_WARN_OBJC_ROOT_CLASS = YES_ERROR;
				CLANG_WARN_SUSPICIOUS_MOVES = YES;
				CLANG_WARN_UNREACHABLE_CODE = YES;
				CLANG_WARN__DUPLICATE_METHOD_MATCH = YES;
				"CODE_SIGN_IDENTITY[sdk=iphoneos*]" = "iPhone Developer";
				COPY_PHASE_STRIP = NO;
				DEBUG_INFORMATION_FORMAT = dwarf;
				ENABLE_STRICT_OBJC_MSGSEND = YES;
				ENABLE_TESTABILITY = YES;
				GCC_C_LANGUAGE_STANDARD = gnu99;
				GCC_DYNAMIC_NO_PIC = NO;
				GCC_NO_COMMON_BLOCKS = YES;
				GCC_OPTIMIZATION_LEVEL = 0;
				GCC_PREPROCESSOR_DEFINITIONS = (
					"DEBUG=1",
					"$(inherited)",
				);
				GCC_WARN_64_TO_32_BIT_CONVERSION = YES;
				GCC_WARN_ABOUT_RETURN_TYPE = YES_ERROR;
				GCC_WARN_UNDECLARED_SELECTOR = YES;
				GCC_WARN_UNINITIALIZED_AUTOS = YES_AGGRESSIVE;
				GCC_WARN_UNUSED_FUNCTION = YES;
				GCC_WARN_UNUSED_VARIABLE = YES;
				IPHONEOS_DEPLOYMENT_TARGET = 10.1;
				MTL_ENABLE_DEBUG_INFO = YES;
				ONLY_ACTIVE_ARCH = YES;
				SDKROOT = iphoneos;
				SWIFT_ACTIVE_COMPILATION_CONDITIONS = DEBUG;
				SWIFT_OPTIMIZATION_LEVEL = "-Onone";
				TARGETED_DEVICE_FAMILY = "1,2";
			};
			name = Debug;
		};
		D95F36801DCE26A00078194A /* Release */ = {
			isa = XCBuildConfiguration;
			buildSettings = {
				ALWAYS_SEARCH_USER_PATHS = NO;
				CLANG_ANALYZER_NONNULL = YES;
				CLANG_CXX_LANGUAGE_STANDARD = "gnu++0x";
				CLANG_CXX_LIBRARY = "libc++";
				CLANG_ENABLE_MODULES = YES;
				CLANG_ENABLE_OBJC_ARC = YES;
				CLANG_WARN_BOOL_CONVERSION = YES;
				CLANG_WARN_CONSTANT_CONVERSION = YES;
				CLANG_WARN_DIRECT_OBJC_ISA_USAGE = YES_ERROR;
				CLANG_WARN_DOCUMENTATION_COMMENTS = YES;
				CLANG_WARN_EMPTY_BODY = YES;
				CLANG_WARN_ENUM_CONVERSION = YES;
				CLANG_WARN_INFINITE_RECURSION = YES;
				CLANG_WARN_INT_CONVERSION = YES;
				CLANG_WARN_OBJC_ROOT_CLASS = YES_ERROR;
				CLANG_WARN_SUSPICIOUS_MOVES = YES;
				CLANG_WARN_UNREACHABLE_CODE = YES;
				CLANG_WARN__DUPLICATE_METHOD_MATCH = YES;
				"CODE_SIGN_IDENTITY[sdk=iphoneos*]" = "iPhone Developer";
				COPY_PHASE_STRIP = NO;
				DEBUG_INFORMATION_FORMAT = "dwarf-with-dsym";
				ENABLE_NS_ASSERTIONS = NO;
				ENABLE_STRICT_OBJC_MSGSEND = YES;
				GCC_C_LANGUAGE_STANDARD = gnu99;
				GCC_NO_COMMON_BLOCKS = YES;
				GCC_WARN_64_TO_32_BIT_CONVERSION = YES;
				GCC_WARN_ABOUT_RETURN_TYPE = YES_ERROR;
				GCC_WARN_UNDECLARED_SELECTOR = YES;
				GCC_WARN_UNINITIALIZED_AUTOS = YES_AGGRESSIVE;
				GCC_WARN_UNUSED_FUNCTION = YES;
				GCC_WARN_UNUSED_VARIABLE = YES;
				IPHONEOS_DEPLOYMENT_TARGET = 10.1;
				MTL_ENABLE_DEBUG_INFO = NO;
				SDKROOT = iphoneos;
				SWIFT_OPTIMIZATION_LEVEL = "-Owholemodule";
				TARGETED_DEVICE_FAMILY = "1,2";
				VALIDATE_PRODUCT = YES;
			};
			name = Release;
		};
		D95F36821DCE26A00078194A /* Debug */ = {
			isa = XCBuildConfiguration;
			baseConfigurationReference = 8C7C83868DE072B939D1849F /* Pods-CharacterCoach.debug.xcconfig */;
			buildSettings = {
				ASSETCATALOG_COMPILER_APPICON_NAME = AppIcon;
				DEVELOPMENT_TEAM = L88FMNUJ5E;
				INFOPLIST_FILE = CharacterCoach/Info.plist;
				IPHONEOS_DEPLOYMENT_TARGET = 8.1;
				LD_RUNPATH_SEARCH_PATHS = "$(inherited) @executable_path/Frameworks";
				PRODUCT_BUNDLE_IDENTIFIER = com.progressions.charactercoach;
				PRODUCT_NAME = "$(TARGET_NAME)";
				SWIFT_VERSION = 3.0;
				TARGETED_DEVICE_FAMILY = 1;
			};
			name = Debug;
		};
		D95F36831DCE26A00078194A /* Release */ = {
			isa = XCBuildConfiguration;
			baseConfigurationReference = 5B36E95F315891C435326F52 /* Pods-CharacterCoach.release.xcconfig */;
			buildSettings = {
				ASSETCATALOG_COMPILER_APPICON_NAME = AppIcon;
				DEVELOPMENT_TEAM = L88FMNUJ5E;
				INFOPLIST_FILE = CharacterCoach/Info.plist;
				IPHONEOS_DEPLOYMENT_TARGET = 8.1;
				LD_RUNPATH_SEARCH_PATHS = "$(inherited) @executable_path/Frameworks";
				PRODUCT_BUNDLE_IDENTIFIER = com.progressions.charactercoach;
				PRODUCT_NAME = "$(TARGET_NAME)";
				SWIFT_VERSION = 3.0;
				TARGETED_DEVICE_FAMILY = 1;
			};
			name = Release;
		};
/* End XCBuildConfiguration section */

/* Begin XCConfigurationList section */
		D95F366A1DCE26A00078194A /* Build configuration list for PBXProject "CharacterCoach" */ = {
			isa = XCConfigurationList;
			buildConfigurations = (
				D95F367F1DCE26A00078194A /* Debug */,
				D95F36801DCE26A00078194A /* Release */,
			);
			defaultConfigurationIsVisible = 0;
			defaultConfigurationName = Release;
		};
		D95F36811DCE26A00078194A /* Build configuration list for PBXNativeTarget "CharacterCoach" */ = {
			isa = XCConfigurationList;
			buildConfigurations = (
				D95F36821DCE26A00078194A /* Debug */,
				D95F36831DCE26A00078194A /* Release */,
			);
			defaultConfigurationIsVisible = 0;
			defaultConfigurationName = Release;
		};
/* End XCConfigurationList section */
	};
	rootObject = D95F36671DCE26A00078194A /* Project object */;
}
